
Microsoft Visual Studio Solution File, Format Version 12.00
# Visual Studio Version 17
VisualStudioVersion = 17.14.36203.30
MinimumVisualStudioVersion = 10.0.40219.1
Project("{FAE04EC0-301F-11D3-BF4B-00C04F79EFBC}") = "OOPsReview", "OOPsReview\OOPsReview.csproj", "{AB2822A3-D4C7-4F48-9624-D702B73E9312}"
EndProject
Project("{FAE04EC0-301F-11D3-BF4B-00C04F79EFBC}") = "UnitTestingForSystem", "UnitTestingForSystem\UnitTestingForSystem.csproj", "{C0897C27-2577-8CC1-06AD-86CBEF93F163}"
EndProject
Project("{FAE04EC0-301F-11D3-BF4B-00C04F79EFBC}") = "TDDUnitTesting", "TDDUnitTesting\TDDUnitTesting.csproj", "{1AB823C9-7226-4ADE-90A5-417C983D77D8}"
EndProject
Global
	GlobalSection(SolutionConfigurationPlatforms) = preSolution
		Debug|Any CPU = Debug|Any CPU
		Release|Any CPU = Release|Any CPU
	EndGlobalSection
	GlobalSection(ProjectConfigurationPlatforms) = postSolution
		{AB2822A3-D4C7-4F48-9624-D702B73E9312}.Debug|Any CPU.ActiveCfg = Debug|Any CPU
		{AB2822A3-D4C7-4F48-9624-D702B73E9312}.Debug|Any CPU.Build.0 = Debug|Any CPU
		{AB2822A3-D4C7-4F48-9624-D702B73E9312}.Release|Any CPU.ActiveCfg = Release|Any CPU
		{AB2822A3-D4C7-4F48-9624-D702B73E9312}.Release|Any CPU.Build.0 = Release|Any CPU
		{C0897C27-2577-8CC1-06AD-86CBEF93F163}.Debug|Any CPU.ActiveCfg = Debug|Any CPU
		{C0897C27-2577-8CC1-06AD-86CBEF93F163}.Debug|Any CPU.Build.0 = Debug|Any CPU
		{C0897C27-2577-8CC1-06AD-86CBEF93F163}.Release|Any CPU.ActiveCfg = Release|Any CPU
		{C0897C27-2577-8CC1-06AD-86CBEF93F163}.Release|Any CPU.Build.0 = Release|Any CPU
		{1AB823C9-7226-4ADE-90A5-417C983D77D8}.Debug|Any CPU.ActiveCfg = Debug|Any CPU
		{1AB823C9-7226-4ADE-90A5-417C983D77D8}.Debug|Any CPU.Build.0 = Debug|Any CPU
		{1AB823C9-7226-4ADE-90A5-417C983D77D8}.Release|Any CPU.ActiveCfg = Release|Any CPU
		{1AB823C9-7226-4ADE-90A5-417C983D77D8}.Release|Any CPU.Build.0 = Release|Any CPU
	EndGlobalSection
	GlobalSection(SolutionProperties) = preSolution
		HideSolutionNode = FALSE
	EndGlobalSection
	GlobalSection(ExtensibilityGlobals) = postSolution
		SolutionGuid = {EBD02661-0ADC-4F3E-AC87-B03395F0877D}
	EndGlobalSection
EndGlobal
