
Microsoft Visual Studio Solution File, Format Version 12.00
# Visual Studio Version 17
VisualStudioVersion = 17.14.36623.8 d17.14
MinimumVisualStudioVersion = 10.0.40219.1
Project("{FAE04EC0-301F-11D3-BF4B-00C04F79EFBC}") = "GameRental", "GameRental.csproj", "{9A1341CD-E886-4872-8B37-6E4C81EF695B}"
EndProject
Global
	GlobalSection(SolutionConfigurationPlatforms) = preSolution
		Debug|Any CPU = Debug|Any CPU
		Release|Any CPU = Release|Any CPU
	EndGlobalSection
	GlobalSection(ProjectConfigurationPlatforms) = postSolution
		{9A1341CD-E886-4872-8B37-6E4C81EF695B}.Debug|Any CPU.ActiveCfg = Debug|Any CPU
		{9A1341CD-E886-4872-8B37-6E4C81EF695B}.Debug|Any CPU.Build.0 = Debug|Any CPU
		{9A1341CD-E886-4872-8B37-6E4C81EF695B}.Release|Any CPU.ActiveCfg = Release|Any CPU
		{9A1341CD-E886-4872-8B37-6E4C81EF695B}.Release|Any CPU.Build.0 = Release|Any CPU
	EndGlobalSection
	GlobalSection(SolutionProperties) = preSolution
		HideSolutionNode = FALSE
	EndGlobalSection
	GlobalSection(ExtensibilityGlobals) = postSolution
		SolutionGuid = {BB800587-98A4-45A3-A3CF-6BFD3E5D1B03}
	EndGlobalSection
EndGlobal
