
Microsoft Visual Studio Solution File, Format Version 12.00
# Visual Studio Version 17
VisualStudioVersion = 17.14.36518.9
MinimumVisualStudioVersion = 10.0.40219.1
Project("{FAE04EC0-301F-11D3-BF4B-00C04F79EFBC}") = "RenoTrackerWebApp", "RenoTrackerWebApp.csproj", "{24CCE214-AFEA-4E4F-A655-957623B89660}"
EndProject
Global
	GlobalSection(SolutionConfigurationPlatforms) = preSolution
		Debug|Any CPU = Debug|Any CPU
		Release|Any CPU = Release|Any CPU
	EndGlobalSection
	GlobalSection(ProjectConfigurationPlatforms) = postSolution
		{24CCE214-AFEA-4E4F-A655-957623B89660}.Debug|Any CPU.ActiveCfg = Debug|Any CPU
		{24CCE214-AFEA-4E4F-A655-957623B89660}.Debug|Any CPU.Build.0 = Debug|Any CPU
		{24CCE214-AFEA-4E4F-A655-957623B89660}.Release|Any CPU.ActiveCfg = Release|Any CPU
		{24CCE214-AFEA-4E4F-A655-957623B89660}.Release|Any CPU.Build.0 = Release|Any CPU
	EndGlobalSection
	GlobalSection(SolutionProperties) = preSolution
		HideSolutionNode = FALSE
	EndGlobalSection
	GlobalSection(ExtensibilityGlobals) = postSolution
		SolutionGuid = {B5412F86-A217-41DD-8966-C783BDBCE039}
	EndGlobalSection
EndGlobal
