
Microsoft Visual Studio Solution File, Format Version 12.00
# Visual Studio Version 17
VisualStudioVersion = 17.14.36511.14 d17.14
MinimumVisualStudioVersion = 10.0.40219.1
Project("{FAE04EC0-301F-11D3-BF4B-00C04F79EFBC}") = "SimpleLibrarySystem", "SimpleLibrarySystem.csproj", "{3EA5675A-96BA-4817-8BC9-782EC18F4B1A}"
EndProject
Global
	GlobalSection(SolutionConfigurationPlatforms) = preSolution
		Debug|Any CPU = Debug|Any CPU
		Release|Any CPU = Release|Any CPU
	EndGlobalSection
	GlobalSection(ProjectConfigurationPlatforms) = postSolution
		{3EA5675A-96BA-4817-8BC9-782EC18F4B1A}.Debug|Any CPU.ActiveCfg = Debug|Any CPU
		{3EA5675A-96BA-4817-8BC9-782EC18F4B1A}.Debug|Any CPU.Build.0 = Debug|Any CPU
		{3EA5675A-96BA-4817-8BC9-782EC18F4B1A}.Release|Any CPU.ActiveCfg = Release|Any CPU
		{3EA5675A-96BA-4817-8BC9-782EC18F4B1A}.Release|Any CPU.Build.0 = Release|Any CPU
	EndGlobalSection
	GlobalSection(SolutionProperties) = preSolution
		HideSolutionNode = FALSE
	EndGlobalSection
	GlobalSection(ExtensibilityGlobals) = postSolution
		SolutionGuid = {0F34B078-FE3C-4707-BE79-B2325D4A7555}
	EndGlobalSection
EndGlobal
